
Microsoft Visual Studio Solution File, Format Version 12.00
# Visual Studio Version 17
VisualStudioVersion = 17.4.33213.308
MinimumVisualStudioVersion = 10.0.40219.1
Project("{FAE04EC0-301F-11D3-BF4B-00C04F79EFBC}") = "SimpleCustomProgram", "SimpleCustomProgram\SimpleCustomProgram.csproj", "{FF962C07-E691-4F51-8570-B02EFE7221A4}"
EndProject
Global
	GlobalSection(SolutionConfigurationPlatforms) = preSolution
		Debug|Any CPU = Debug|Any CPU
		Release|Any CPU = Release|Any CPU
	EndGlobalSection
	GlobalSection(ProjectConfigurationPlatforms) = postSolution
		{FF962C07-E691-4F51-8570-B02EFE7221A4}.Debug|Any CPU.ActiveCfg = Debug|Any CPU
		{FF962C07-E691-4F51-8570-B02EFE7221A4}.Debug|Any CPU.Build.0 = Debug|Any CPU
		{FF962C07-E691-4F51-8570-B02EFE7221A4}.Release|Any CPU.ActiveCfg = Release|Any CPU
		{FF962C07-E691-4F51-8570-B02EFE7221A4}.Release|Any CPU.Build.0 = Release|Any CPU
	EndGlobalSection
	GlobalSection(SolutionProperties) = preSolution
		HideSolutionNode = FALSE
	EndGlobalSection
	GlobalSection(ExtensibilityGlobals) = postSolution
		SolutionGuid = {1FBC0646-FE0C-42F1-81D5-7DA3B9A4B936}
	EndGlobalSection
EndGlobal
